{
  "name": "caipu_plsu",
  "version": "1.0.0",
  "lockfileVersion": 1,
  "requires": true,
  "dependencies": {
    "@types/quickapp": {
      "version": "git+https://github.com/vivoquickapp/quickapp-types.git#e799096c0f1343c333bca1d820a45730186a1b36",
      "from": "git+https://github.com/vivoquickapp/quickapp-types.git",
      "dev": true
    }
  }
}
